
Microsoft Visual Studio Solution File, Format Version 12.00
# Visual Studio Version 17
VisualStudioVersion = 17.1.32421.90
MinimumVisualStudioVersion = 10.0.40219.1
Project("{FAE04EC0-301F-11D3-BF4B-00C04F79EFBC}") = "GM21057Guia9Ejercicio8", "GM21057Guia9Ejercicio8\GM21057Guia9Ejercicio8.csproj", "{6CC23970-A11C-4A96-87CB-E63EC860357D}"
EndProject
Global
	GlobalSection(SolutionConfigurationPlatforms) = preSolution
		Debug|Any CPU = Debug|Any CPU
		Release|Any CPU = Release|Any CPU
	EndGlobalSection
	GlobalSection(ProjectConfigurationPlatforms) = postSolution
		{6CC23970-A11C-4A96-87CB-E63EC860357D}.Debug|Any CPU.ActiveCfg = Debug|Any CPU
		{6CC23970-A11C-4A96-87CB-E63EC860357D}.Debug|Any CPU.Build.0 = Debug|Any CPU
		{6CC23970-A11C-4A96-87CB-E63EC860357D}.Release|Any CPU.ActiveCfg = Release|Any CPU
		{6CC23970-A11C-4A96-87CB-E63EC860357D}.Release|Any CPU.Build.0 = Release|Any CPU
	EndGlobalSection
	GlobalSection(SolutionProperties) = preSolution
		HideSolutionNode = FALSE
	EndGlobalSection
	GlobalSection(ExtensibilityGlobals) = postSolution
		SolutionGuid = {48679161-C8B5-4ADB-B246-DD6940C59354}
	EndGlobalSection
EndGlobal
